// !$*UTF8*$!
{
	archiveVersion = 1;
	classes = {
	};
	objectVersion = 77;
	objects = {

/* Begin PBXContainerItemProxy section */
		0552A1082CC57CFD000DED7E /* PBXContainerItemProxy */ = {
			isa = PBXContainerItemProxy;
			containerPortal = 0552A0EF2CC57CFA000DED7E /* Project object */;
			proxyType = 1;
			remoteGlobalIDString = 0552A0F62CC57CFA000DED7E;
			remoteInfo = pocoyo_rotator;
		};
		0552A1122CC57CFD000DED7E /* PBXContainerItemProxy */ = {
			isa = PBXContainerItemProxy;
			containerPortal = 0552A0EF2CC57CFA000DED7E /* Project object */;
			proxyType = 1;
			remoteGlobalIDString = 0552A0F62CC57CFA000DED7E;
			remoteInfo = pocoyo_rotator;
		};
/* End PBXContainerItemProxy section */

/* Begin PBXFileReference section */
		0552A0F72CC57CFA000DED7E /* pocoyo_rotator.app */ = {isa = PBXFileReference; explicitFileType = wrapper.application; includeInIndex = 0; path = pocoyo_rotator.app; sourceTree = BUILT_PRODUCTS_DIR; };
		0552A1072CC57CFD000DED7E /* pocoyo_rotatorTests.xctest */ = {isa = PBXFileReference; explicitFileType = wrapper.cfbundle; includeInIndex = 0; path = pocoyo_rotatorTests.xctest; sourceTree = BUILT_PRODUCTS_DIR; };
		0552A1112CC57CFD000DED7E /* pocoyo_rotatorUITests.xctest */ = {isa = PBXFileReference; explicitFileType = wrapper.cfbundle; includeInIndex = 0; path = pocoyo_rotatorUITests.xctest; sourceTree = BUILT_PRODUCTS_DIR; };
/* End PBXFileReference section */

/* Begin PBXFileSystemSynchronizedRootGroup section */
		0552A0F92CC57CFA000DED7E /* pocoyo_rotator */ = {
			isa = PBXFileSystemSynchronizedRootGroup;
			path = pocoyo_rotator;
			sourceTree = "<group>";
		};
		0552A10A2CC57CFD000DED7E /* pocoyo_rotatorTests */ = {
			isa = PBXFileSystemSynchronizedRootGroup;
			path = pocoyo_rotatorTests;
			sourceTree = "<group>";
		};
		0552A1142CC57CFD000DED7E /* pocoyo_rotatorUITests */ = {
			isa = PBXFileSystemSynchronizedRootGroup;
			path = pocoyo_rotatorUITests;
			sourceTree = "<group>";
		};
/* End PBXFileSystemSynchronizedRootGroup section */

/* Begin PBXFrameworksBuildPhase section */
		0552A0F42CC57CFA000DED7E /* Frameworks */ = {
			isa = PBXFrameworksBuildPhase;
			buildActionMask = 2147483647;
			files = (
			);
			runOnlyForDeploymentPostprocessing = 0;
		};
		0552A1042CC57CFD000DED7E /* Frameworks */ = {
			isa = PBXFrameworksBuildPhase;
			buildActionMask = 2147483647;
			files = (
			);
			runOnlyForDeploymentPostprocessing = 0;
		};
		0552A10E2CC57CFD000DED7E /* Frameworks */ = {
			isa = PBXFrameworksBuildPhase;
			buildActionMask = 2147483647;
			files = (
			);
			runOnlyForDeploymentPostprocessing = 0;
		};
/* End PBXFrameworksBuildPhase section */

/* Begin PBXGroup section */
		0552A0EE2CC57CFA000DED7E = {
			isa = PBXGroup;
			children = (
				0552A0F92CC57CFA000DED7E /* pocoyo_rotator */,
				0552A10A2CC57CFD000DED7E /* pocoyo_rotatorTests */,
				0552A1142CC57CFD000DED7E /* pocoyo_rotatorUITests */,
				0552A0F82CC57CFA000DED7E /* Products */,
			);
			sourceTree = "<group>";
		};
		0552A0F82CC57CFA000DED7E /* Products */ = {
			isa = PBXGroup;
			children = (
				0552A0F72CC57CFA000DED7E /* pocoyo_rotator.app */,
				0552A1072CC57CFD000DED7E /* pocoyo_rotatorTests.xctest */,
				0552A1112CC57CFD000DED7E /* pocoyo_rotatorUITests.xctest */,
			);
			name = Products;
			sourceTree = "<group>";
		};
/* End PBXGroup section */

/* Begin PBXNativeTarget section */
		0552A0F62CC57CFA000DED7E /* pocoyo_rotator */ = {
			isa = PBXNativeTarget;
			buildConfigurationList = 0552A11B2CC57CFD000DED7E /* Build configuration list for PBXNativeTarget "pocoyo_rotator" */;
			buildPhases = (
				0552A0F32CC57CFA000DED7E /* Sources */,
				0552A0F42CC57CFA000DED7E /* Frameworks */,
				0552A0F52CC57CFA000DED7E /* Resources */,
			);
			buildRules = (
			);
			dependencies = (
			);
			fileSystemSynchronizedGroups = (
				0552A0F92CC57CFA000DED7E /* pocoyo_rotator */,
			);
			name = pocoyo_rotator;
			packageProductDependencies = (
			);
			productName = pocoyo_rotator;
			productReference = 0552A0F72CC57CFA000DED7E /* pocoyo_rotator.app */;
			productType = "com.apple.product-type.application";
		};
		0552A1062CC57CFD000DED7E /* pocoyo_rotatorTests */ = {
			isa = PBXNativeTarget;
			buildConfigurationList = 0552A11E2CC57CFD000DED7E /* Build configuration list for PBXNativeTarget "pocoyo_rotatorTests" */;
			buildPhases = (
				0552A1032CC57CFD000DED7E /* Sources */,
				0552A1042CC57CFD000DED7E /* Frameworks */,
				0552A1052CC57CFD000DED7E /* Resources */,
			);
			buildRules = (
			);
			dependencies = (
				0552A1092CC57CFD000DED7E /* PBXTargetDependency */,
			);
			fileSystemSynchronizedGroups = (
				0552A10A2CC57CFD000DED7E /* pocoyo_rotatorTests */,
			);
			name = pocoyo_rotatorTests;
			packageProductDependencies = (
			);
			productName = pocoyo_rotatorTests;
			productReference = 0552A1072CC57CFD000DED7E /* pocoyo_rotatorTests.xctest */;
			productType = "com.apple.product-type.bundle.unit-test";
		};
		0552A1102CC57CFD000DED7E /* pocoyo_rotatorUITests */ = {
			isa = PBXNativeTarget;
			buildConfigurationList = 0552A1212CC57CFD000DED7E /* Build configuration list for PBXNativeTarget "pocoyo_rotatorUITests" */;
			buildPhases = (
				0552A10D2CC57CFD000DED7E /* Sources */,
				0552A10E2CC57CFD000DED7E /* Frameworks */,
				0552A10F2CC57CFD000DED7E /* Resources */,
			);
			buildRules = (
			);
			dependencies = (
				0552A1132CC57CFD000DED7E /* PBXTargetDependency */,
			);
			fileSystemSynchronizedGroups = (
				0552A1142CC57CFD000DED7E /* pocoyo_rotatorUITests */,
			);
			name = pocoyo_rotatorUITests;
			packageProductDependencies = (
			);
			productName = pocoyo_rotatorUITests;
			productReference = 0552A1112CC57CFD000DED7E /* pocoyo_rotatorUITests.xctest */;
			productType = "com.apple.product-type.bundle.ui-testing";
		};
/* End PBXNativeTarget section */

/* Begin PBXProject section */
		0552A0EF2CC57CFA000DED7E /* Project object */ = {
			isa = PBXProject;
			attributes = {
				BuildIndependentTargetsInParallel = 1;
				LastSwiftUpdateCheck = 1600;
				LastUpgradeCheck = 1600;
				TargetAttributes = {
					0552A0F62CC57CFA000DED7E = {
						CreatedOnToolsVersion = 16.0;
					};
					0552A1062CC57CFD000DED7E = {
						CreatedOnToolsVersion = 16.0;
						TestTargetID = 0552A0F62CC57CFA000DED7E;
					};
					0552A1102CC57CFD000DED7E = {
						CreatedOnToolsVersion = 16.0;
						TestTargetID = 0552A0F62CC57CFA000DED7E;
					};
				};
			};
			buildConfigurationList = 0552A0F22CC57CFA000DED7E /* Build configuration list for PBXProject "pocoyo_rotator" */;
			developmentRegion = en;
			hasScannedForEncodings = 0;
			knownRegions = (
				en,
				Base,
			);
			mainGroup = 0552A0EE2CC57CFA000DED7E;
			minimizedProjectReferenceProxies = 1;
			preferredProjectObjectVersion = 77;
			productRefGroup = 0552A0F82CC57CFA000DED7E /* Products */;
			projectDirPath = "";
			projectRoot = "";
			targets = (
				0552A0F62CC57CFA000DED7E /* pocoyo_rotator */,
				0552A1062CC57CFD000DED7E /* pocoyo_rotatorTests */,
				0552A1102CC57CFD000DED7E /* pocoyo_rotatorUITests */,
			);
		};
/* End PBXProject section */

/* Begin PBXResourcesBuildPhase section */
		0552A0F52CC57CFA000DED7E /* Resources */ = {
			isa = PBXResourcesBuildPhase;
			buildActionMask = 2147483647;
			files = (
			);
			runOnlyForDeploymentPostprocessing = 0;
		};
		0552A1052CC57CFD000DED7E /* Resources */ = {
			isa = PBXResourcesBuildPhase;
			buildActionMask = 2147483647;
			files = (
			);
			runOnlyForDeploymentPostprocessing = 0;
		};
		0552A10F2CC57CFD000DED7E /* Resources */ = {
			isa = PBXResourcesBuildPhase;
			buildActionMask = 2147483647;
			files = (
			);
			runOnlyForDeploymentPostprocessing = 0;
		};
/* End PBXResourcesBuildPhase section */

/* Begin PBXSourcesBuildPhase section */
		0552A0F32CC57CFA000DED7E /* Sources */ = {
			isa = PBXSourcesBuildPhase;
			buildActionMask = 2147483647;
			files = (
			);
			runOnlyForDeploymentPostprocessing = 0;
		};
		0552A1032CC57CFD000DED7E /* Sources */ = {
			isa = PBXSourcesBuildPhase;
			buildActionMask = 2147483647;
			files = (
			);
			runOnlyForDeploymentPostprocessing = 0;
		};
		0552A10D2CC57CFD000DED7E /* Sources */ = {
			isa = PBXSourcesBuildPhase;
			buildActionMask = 2147483647;
			files = (
			);
			runOnlyForDeploymentPostprocessing = 0;
		};
/* End PBXSourcesBuildPhase section */

/* Begin PBXTargetDependency section */
		0552A1092CC57CFD000DED7E /* PBXTargetDependency */ = {
			isa = PBXTargetDependency;
			target = 0552A0F62CC57CFA000DED7E /* pocoyo_rotator */;
			targetProxy = 0552A1082CC57CFD000DED7E /* PBXContainerItemProxy */;
		};
		0552A1132CC57CFD000DED7E /* PBXTargetDependency */ = {
			isa = PBXTargetDependency;
			target = 0552A0F62CC57CFA000DED7E /* pocoyo_rotator */;
			targetProxy = 0552A1122CC57CFD000DED7E /* PBXContainerItemProxy */;
		};
/* End PBXTargetDependency section */

/* Begin XCBuildConfiguration section */
		0552A1192CC57CFD000DED7E /* Debug */ = {
			isa = XCBuildConfiguration;
			buildSettings = {
				ALWAYS_SEARCH_USER_PATHS = NO;
				ASSETCATALOG_COMPILER_GENERATE_SWIFT_ASSET_SYMBOL_EXTENSIONS = YES;
				CLANG_ANALYZER_NONNULL = YES;
				CLANG_ANALYZER_NUMBER_OBJECT_CONVERSION = YES_AGGRESSIVE;
				CLANG_CXX_LANGUAGE_STANDARD = "gnu++20";
				CLANG_ENABLE_MODULES = YES;
				CLANG_ENABLE_OBJC_ARC = YES;
				CLANG_ENABLE_OBJC_WEAK = YES;
				CLANG_WARN_BLOCK_CAPTURE_AUTORELEASING = YES;
				CLANG_WARN_BOOL_CONVERSION = YES;
				CLANG_WARN_COMMA = YES;
				CLANG_WARN_CONSTANT_CONVERSION = YES;
				CLANG_WARN_DEPRECATED_OBJC_IMPLEMENTATIONS = YES;
				CLANG_WARN_DIRECT_OBJC_ISA_USAGE = YES_ERROR;
				CLANG_WARN_DOCUMENTATION_COMMENTS = YES;
				CLANG_WARN_EMPTY_BODY = YES;
				CLANG_WARN_ENUM_CONVERSION = YES;
				CLANG_WARN_INFINITE_RECURSION = YES;
				CLANG_WARN_INT_CONVERSION = YES;
				CLANG_WARN_NON_LITERAL_NULL_CONVERSION = YES;
				CLANG_WARN_OBJC_IMPLICIT_RETAIN_SELF = YES;
				CLANG_WARN_OBJC_LITERAL_CONVERSION = YES;
				CLANG_WARN_OBJC_ROOT_CLASS = YES_ERROR;
				CLANG_WARN_QUOTED_INCLUDE_IN_FRAMEWORK_HEADER = YES;
				CLANG_WARN_RANGE_LOOP_ANALYSIS = YES;
				CLANG_WARN_STRICT_PROTOTYPES = YES;
				CLANG_WARN_SUSPICIOUS_MOVE = YES;
				CLANG_WARN_UNGUARDED_AVAILABILITY = YES_AGGRESSIVE;
				CLANG_WARN_UNREACHABLE_CODE = YES;
				CLANG_WARN__DUPLICATE_METHOD_MATCH = YES;
				COPY_PHASE_STRIP = NO;
				DEBUG_INFORMATION_FORMAT = dwarf;
				ENABLE_STRICT_OBJC_MSGSEND = YES;
				ENABLE_TESTABILITY = YES;
				ENABLE_USER_SCRIPT_SANDBOXING = YES;
				GCC_C_LANGUAGE_STANDARD = gnu17;
				GCC_DYNAMIC_NO_PIC = NO;
				GCC_NO_COMMON_BLOCKS = YES;
				GCC_OPTIMIZATION_LEVEL = 0;
				GCC_PREPROCESSOR_DEFINITIONS = (
					"DEBUG=1",
					"$(inherited)",
				);
				GCC_WARN_64_TO_32_BIT_CONVERSION = YES;
				GCC_WARN_ABOUT_RETURN_TYPE = YES_ERROR;
				GCC_WARN_UNDECLARED_SELECTOR = YES;
				GCC_WARN_UNINITIALIZED_AUTOS = YES_AGGRESSIVE;
				GCC_WARN_UNUSED_FUNCTION = YES;
				GCC_WARN_UNUSED_VARIABLE = YES;
				IPHONEOS_DEPLOYMENT_TARGET = 18.0;
				LOCALIZATION_PREFERS_STRING_CATALOGS = YES;
				MTL_ENABLE_DEBUG_INFO = INCLUDE_SOURCE;
				MTL_FAST_MATH = YES;
				ONLY_ACTIVE_ARCH = YES;
				SDKROOT = iphoneos;
				SWIFT_ACTIVE_COMPILATION_CONDITIONS = "DEBUG $(inherited)";
				SWIFT_OPTIMIZATION_LEVEL = "-Onone";
			};
			name = Debug;
		};
		0552A11A2CC57CFD000DED7E /* Release */ = {
			isa = XCBuildConfiguration;
			buildSettings = {
				ALWAYS_SEARCH_USER_PATHS = NO;
				ASSETCATALOG_COMPILER_GENERATE_SWIFT_ASSET_SYMBOL_EXTENSIONS = YES;
				CLANG_ANALYZER_NONNULL = YES;
				CLANG_ANALYZER_NUMBER_OBJECT_CONVERSION = YES_AGGRESSIVE;
				CLANG_CXX_LANGUAGE_STANDARD = "gnu++20";
				CLANG_ENABLE_MODULES = YES;
				CLANG_ENABLE_OBJC_ARC = YES;
				CLANG_ENABLE_OBJC_WEAK = YES;
				CLANG_WARN_BLOCK_CAPTURE_AUTORELEASING = YES;
				CLANG_WARN_BOOL_CONVERSION = YES;
				CLANG_WARN_COMMA = YES;
				CLANG_WARN_CONSTANT_CONVERSION = YES;
				CLANG_WARN_DEPRECATED_OBJC_IMPLEMENTATIONS = YES;
				CLANG_WARN_DIRECT_OBJC_ISA_USAGE = YES_ERROR;
				CLANG_WARN_DOCUMENTATION_COMMENTS = YES;
				CLANG_WARN_EMPTY_BODY = YES;
				CLANG_WARN_ENUM_CONVERSION = YES;
				CLANG_WARN_INFINITE_RECURSION = YES;
				CLANG_WARN_INT_CONVERSION = YES;
				CLANG_WARN_NON_LITERAL_NULL_CONVERSION = YES;
				CLANG_WARN_OBJC_IMPLICIT_RETAIN_SELF = YES;
				CLANG_WARN_OBJC_LITERAL_CONVERSION = YES;
				CLANG_WARN_OBJC_ROOT_CLASS = YES_ERROR;
				CLANG_WARN_QUOTED_INCLUDE_IN_FRAMEWORK_HEADER = YES;
				CLANG_WARN_RANGE_LOOP_ANALYSIS = YES;
				CLANG_WARN_STRICT_PROTOTYPES = YES;
				CLANG_WARN_SUSPICIOUS_MOVE = YES;
				CLANG_WARN_UNGUARDED_AVAILABILITY = YES_AGGRESSIVE;
				CLANG_WARN_UNREACHABLE_CODE = YES;
				CLANG_WARN__DUPLICATE_METHOD_MATCH = YES;
				COPY_PHASE_STRIP = NO;
				DEBUG_INFORMATION_FORMAT = "dwarf-with-dsym";
				ENABLE_NS_ASSERTIONS = NO;
				ENABLE_STRICT_OBJC_MSGSEND = YES;
				ENABLE_USER_SCRIPT_SANDBOXING = YES;
				GCC_C_LANGUAGE_STANDARD = gnu17;
				GCC_NO_COMMON_BLOCKS = YES;
				GCC_WARN_64_TO_32_BIT_CONVERSION = YES;
				GCC_WARN_ABOUT_RETURN_TYPE = YES_ERROR;
				GCC_WARN_UNDECLARED_SELECTOR = YES;
				GCC_WARN_UNINITIALIZED_AUTOS = YES_AGGRESSIVE;
				GCC_WARN_UNUSED_FUNCTION = YES;
				GCC_WARN_UNUSED_VARIABLE = YES;
				IPHONEOS_DEPLOYMENT_TARGET = 18.0;
				LOCALIZATION_PREFERS_STRING_CATALOGS = YES;
				MTL_ENABLE_DEBUG_INFO = NO;
				MTL_FAST_MATH = YES;
				SDKROOT = iphoneos;
				SWIFT_COMPILATION_MODE = wholemodule;
				VALIDATE_PRODUCT = YES;
			};
			name = Release;
		};
		0552A11C2CC57CFD000DED7E /* Debug */ = {
			isa = XCBuildConfiguration;
			buildSettings = {
				ASSETCATALOG_COMPILER_APPICON_NAME = AppIcon;
				ASSETCATALOG_COMPILER_GLOBAL_ACCENT_COLOR_NAME = AccentColor;
				CODE_SIGN_STYLE = Automatic;
				CURRENT_PROJECT_VERSION = 1;
				DEVELOPMENT_ASSET_PATHS = "\"pocoyo_rotator/Preview Content\"";
				ENABLE_PREVIEWS = YES;
				GENERATE_INFOPLIST_FILE = YES;
				INFOPLIST_KEY_UIApplicationSceneManifest_Generation = YES;
				INFOPLIST_KEY_UIApplicationSupportsIndirectInputEvents = YES;
				INFOPLIST_KEY_UILaunchScreen_Generation = YES;
				INFOPLIST_KEY_UISupportedInterfaceOrientations_iPad = "UIInterfaceOrientationPortrait UIInterfaceOrientationPortraitUpsideDown UIInterfaceOrientationLandscapeLeft UIInterfaceOrientationLandscapeRight";
				INFOPLIST_KEY_UISupportedInterfaceOrientations_iPhone = "UIInterfaceOrientationPortrait UIInterfaceOrientationLandscapeLeft UIInterfaceOrientationLandscapeRight";
				LD_RUNPATH_SEARCH_PATHS = (
					"$(inherited)",
					"@executable_path/Frameworks",
				);
				MARKETING_VERSION = 1.0;
				PRODUCT_BUNDLE_IDENTIFIER = "cr.ac.cuc.pocoyo-rotator";
				PRODUCT_NAME = "$(TARGET_NAME)";
				SWIFT_EMIT_LOC_STRINGS = YES;
				SWIFT_VERSION = 5.0;
				TARGETED_DEVICE_FAMILY = "1,2";
			};
			name = Debug;
		};
		0552A11D2CC57CFD000DED7E /* Release */ = {
			isa = XCBuildConfiguration;
			buildSettings = {
				ASSETCATALOG_COMPILER_APPICON_NAME = AppIcon;
				ASSETCATALOG_COMPILER_GLOBAL_ACCENT_COLOR_NAME = AccentColor;
				CODE_SIGN_STYLE = Automatic;
				CURRENT_PROJECT_VERSION = 1;
				DEVELOPMENT_ASSET_PATHS = "\"pocoyo_rotator/Preview Content\"";
				ENABLE_PREVIEWS = YES;
				GENERATE_INFOPLIST_FILE = YES;
				INFOPLIST_KEY_UIApplicationSceneManifest_Generation = YES;
				INFOPLIST_KEY_UIApplicationSupportsIndirectInputEvents = YES;
				INFOPLIST_KEY_UILaunchScreen_Generation = YES;
				INFOPLIST_KEY_UISupportedInterfaceOrientations_iPad = "UIInterfaceOrientationPortrait UIInterfaceOrientationPortraitUpsideDown UIInterfaceOrientationLandscapeLeft UIInterfaceOrientationLandscapeRight";
				INFOPLIST_KEY_UISupportedInterfaceOrientations_iPhone = "UIInterfaceOrientationPortrait UIInterfaceOrientationLandscapeLeft UIInterfaceOrientationLandscapeRight";
				LD_RUNPATH_SEARCH_PATHS = (
					"$(inherited)",
					"@executable_path/Frameworks",
				);
				MARKETING_VERSION = 1.0;
				PRODUCT_BUNDLE_IDENTIFIER = "cr.ac.cuc.pocoyo-rotator";
				PRODUCT_NAME = "$(TARGET_NAME)";
				SWIFT_EMIT_LOC_STRINGS = YES;
				SWIFT_VERSION = 5.0;
				TARGETED_DEVICE_FAMILY = "1,2";
			};
			name = Release;
		};
		0552A11F2CC57CFD000DED7E /* Debug */ = {
			isa = XCBuildConfiguration;
			buildSettings = {
				BUNDLE_LOADER = "$(TEST_HOST)";
				CODE_SIGN_STYLE = Automatic;
				CURRENT_PROJECT_VERSION = 1;
				GENERATE_INFOPLIST_FILE = YES;
				IPHONEOS_DEPLOYMENT_TARGET = 18.0;
				MARKETING_VERSION = 1.0;
				PRODUCT_BUNDLE_IDENTIFIER = "cr.ac.cuc.pocoyo-rotatorTests";
				PRODUCT_NAME = "$(TARGET_NAME)";
				SWIFT_EMIT_LOC_STRINGS = NO;
				SWIFT_VERSION = 5.0;
				TARGETED_DEVICE_FAMILY = "1,2";
				TEST_HOST = "$(BUILT_PRODUCTS_DIR)/pocoyo_rotator.app/$(BUNDLE_EXECUTABLE_FOLDER_PATH)/pocoyo_rotator";
			};
			name = Debug;
		};
		0552A1202CC57CFD000DED7E /* Release */ = {
			isa = XCBuildConfiguration;
			buildSettings = {
				BUNDLE_LOADER = "$(TEST_HOST)";
				CODE_SIGN_STYLE = Automatic;
				CURRENT_PROJECT_VERSION = 1;
				GENERATE_INFOPLIST_FILE = YES;
				IPHONEOS_DEPLOYMENT_TARGET = 18.0;
				MARKETING_VERSION = 1.0;
				PRODUCT_BUNDLE_IDENTIFIER = "cr.ac.cuc.pocoyo-rotatorTests";
				PRODUCT_NAME = "$(TARGET_NAME)";
				SWIFT_EMIT_LOC_STRINGS = NO;
				SWIFT_VERSION = 5.0;
				TARGETED_DEVICE_FAMILY = "1,2";
				TEST_HOST = "$(BUILT_PRODUCTS_DIR)/pocoyo_rotator.app/$(BUNDLE_EXECUTABLE_FOLDER_PATH)/pocoyo_rotator";
			};
			name = Release;
		};
		0552A1222CC57CFD000DED7E /* Debug */ = {
			isa = XCBuildConfiguration;
			buildSettings = {
				CODE_SIGN_STYLE = Automatic;
				CURRENT_PROJECT_VERSION = 1;
				GENERATE_INFOPLIST_FILE = YES;
				MARKETING_VERSION = 1.0;
				PRODUCT_BUNDLE_IDENTIFIER = "cr.ac.cuc.pocoyo-rotatorUITests";
				PRODUCT_NAME = "$(TARGET_NAME)";
				SWIFT_EMIT_LOC_STRINGS = NO;
				SWIFT_VERSION = 5.0;
				TARGETED_DEVICE_FAMILY = "1,2";
				TEST_TARGET_NAME = pocoyo_rotator;
			};
			name = Debug;
		};
		0552A1232CC57CFD000DED7E /* Release */ = {
			isa = XCBuildConfiguration;
			buildSettings = {
				CODE_SIGN_STYLE = Automatic;
				CURRENT_PROJECT_VERSION = 1;
				GENERATE_INFOPLIST_FILE = YES;
				MARKETING_VERSION = 1.0;
				PRODUCT_BUNDLE_IDENTIFIER = "cr.ac.cuc.pocoyo-rotatorUITests";
				PRODUCT_NAME = "$(TARGET_NAME)";
				SWIFT_EMIT_LOC_STRINGS = NO;
				SWIFT_VERSION = 5.0;
				TARGETED_DEVICE_FAMILY = "1,2";
				TEST_TARGET_NAME = pocoyo_rotator;
			};
			name = Release;
		};
/* End XCBuildConfiguration section */

/* Begin XCConfigurationList section */
		0552A0F22CC57CFA000DED7E /* Build configuration list for PBXProject "pocoyo_rotator" */ = {
			isa = XCConfigurationList;
			buildConfigurations = (
				0552A1192CC57CFD000DED7E /* Debug */,
				0552A11A2CC57CFD000DED7E /* Release */,
			);
			defaultConfigurationIsVisible = 0;
			defaultConfigurationName = Release;
		};
		0552A11B2CC57CFD000DED7E /* Build configuration list for PBXNativeTarget "pocoyo_rotator" */ = {
			isa = XCConfigurationList;
			buildConfigurations = (
				0552A11C2CC57CFD000DED7E /* Debug */,
				0552A11D2CC57CFD000DED7E /* Release */,
			);
			defaultConfigurationIsVisible = 0;
			defaultConfigurationName = Release;
		};
		0552A11E2CC57CFD000DED7E /* Build configuration list for PBXNativeTarget "pocoyo_rotatorTests" */ = {
			isa = XCConfigurationList;
			buildConfigurations = (
				0552A11F2CC57CFD000DED7E /* Debug */,
				0552A1202CC57CFD000DED7E /* Release */,
			);
			defaultConfigurationIsVisible = 0;
			defaultConfigurationName = Release;
		};
		0552A1212CC57CFD000DED7E /* Build configuration list for PBXNativeTarget "pocoyo_rotatorUITests" */ = {
			isa = XCConfigurationList;
			buildConfigurations = (
				0552A1222CC57CFD000DED7E /* Debug */,
				0552A1232CC57CFD000DED7E /* Release */,
			);
			defaultConfigurationIsVisible = 0;
			defaultConfigurationName = Release;
		};
/* End XCConfigurationList section */
	};
	rootObject = 0552A0EF2CC57CFA000DED7E /* Project object */;
}
